
Microsoft Visual Studio Solution File, Format Version 12.00
# Visual Studio 15
VisualStudioVersion = 15.0.28307.779
MinimumVisualStudioVersion = 10.0.40219.1
Project("{FAE04EC0-301F-11D3-BF4B-00C04F79EFBC}") = "Hello World", "Hello World\Hello World.csproj", "{6CADE059-BD79-4F3B-9AF9-DBE482DD7746}"
EndProject
Global
	GlobalSection(SolutionConfigurationPlatforms) = preSolution
		Debug|Any CPU = Debug|Any CPU
		Release|Any CPU = Release|Any CPU
	EndGlobalSection
	GlobalSection(ProjectConfigurationPlatforms) = postSolution
		{6CADE059-BD79-4F3B-9AF9-DBE482DD7746}.Debug|Any CPU.ActiveCfg = Debug|Any CPU
		{6CADE059-BD79-4F3B-9AF9-DBE482DD7746}.Debug|Any CPU.Build.0 = Debug|Any CPU
		{6CADE059-BD79-4F3B-9AF9-DBE482DD7746}.Release|Any CPU.ActiveCfg = Release|Any CPU
		{6CADE059-BD79-4F3B-9AF9-DBE482DD7746}.Release|Any CPU.Build.0 = Release|Any CPU
	EndGlobalSection
	GlobalSection(SolutionProperties) = preSolution
		HideSolutionNode = FALSE
	EndGlobalSection
	GlobalSection(ExtensibilityGlobals) = postSolution
		SolutionGuid = {4AF4BD22-30A4-4DC6-9C18-4C6C2CFE358D}
	EndGlobalSection
EndGlobal
