
Microsoft Visual Studio Solution File, Format Version 12.00
# Visual Studio 15
VisualStudioVersion = 15.0.28307.779
MinimumVisualStudioVersion = 10.0.40219.1
Project("{FAE04EC0-301F-11D3-BF4B-00C04F79EFBC}") = "NumericUpDownTest", "NumericUpDownTest\NumericUpDownTest.csproj", "{BDBBFB58-0D09-4CD0-81DE-4897432543B3}"
EndProject
Global
	GlobalSection(SolutionConfigurationPlatforms) = preSolution
		Debug|Any CPU = Debug|Any CPU
		Release|Any CPU = Release|Any CPU
	EndGlobalSection
	GlobalSection(ProjectConfigurationPlatforms) = postSolution
		{BDBBFB58-0D09-4CD0-81DE-4897432543B3}.Debug|Any CPU.ActiveCfg = Debug|Any CPU
		{BDBBFB58-0D09-4CD0-81DE-4897432543B3}.Debug|Any CPU.Build.0 = Debug|Any CPU
		{BDBBFB58-0D09-4CD0-81DE-4897432543B3}.Release|Any CPU.ActiveCfg = Release|Any CPU
		{BDBBFB58-0D09-4CD0-81DE-4897432543B3}.Release|Any CPU.Build.0 = Release|Any CPU
	EndGlobalSection
	GlobalSection(SolutionProperties) = preSolution
		HideSolutionNode = FALSE
	EndGlobalSection
	GlobalSection(ExtensibilityGlobals) = postSolution
		SolutionGuid = {4CD28C37-D6F6-45B9-B8CC-6A0456CEAD9F}
	EndGlobalSection
EndGlobal
